
Microsoft Visual Studio Solution File, Format Version 12.00
# Visual Studio 15
VisualStudioVersion = 15.0.28307.329
MinimumVisualStudioVersion = 10.0.40219.1
Project("{FAE04EC0-301F-11D3-BF4B-00C04F79EFBC}") = "Training0", "Training0\Training0.csproj", "{039CD4C8-490E-45E0-9B77-694C47BB77E4}"
EndProject
Global
	GlobalSection(SolutionConfigurationPlatforms) = preSolution
		Debug|Any CPU = Debug|Any CPU
		Release|Any CPU = Release|Any CPU
	EndGlobalSection
	GlobalSection(ProjectConfigurationPlatforms) = postSolution
		{039CD4C8-490E-45E0-9B77-694C47BB77E4}.Debug|Any CPU.ActiveCfg = Debug|Any CPU
		{039CD4C8-490E-45E0-9B77-694C47BB77E4}.Debug|Any CPU.Build.0 = Debug|Any CPU
		{039CD4C8-490E-45E0-9B77-694C47BB77E4}.Release|Any CPU.ActiveCfg = Release|Any CPU
		{039CD4C8-490E-45E0-9B77-694C47BB77E4}.Release|Any CPU.Build.0 = Release|Any CPU
	EndGlobalSection
	GlobalSection(SolutionProperties) = preSolution
		HideSolutionNode = FALSE
	EndGlobalSection
	GlobalSection(ExtensibilityGlobals) = postSolution
		SolutionGuid = {560E8DAD-07D9-4101-B37F-9345A53F23B7}
	EndGlobalSection
EndGlobal
